
Microsoft Visual Studio Solution File, Format Version 12.00
# Visual Studio Version 16
VisualStudioVersion = 16.0.31105.61
MinimumVisualStudioVersion = 10.0.40219.1
Project("{FAE04EC0-301F-11D3-BF4B-00C04F79EFBC}") = "SchoolManagement", "SchoolManagement\SchoolManagement.csproj", "{1DBD4837-5C0A-4CBE-B5B2-70857EAAFF33}"
EndProject
Global
	GlobalSection(SolutionConfigurationPlatforms) = preSolution
		Debug|Any CPU = Debug|Any CPU
		Release|Any CPU = Release|Any CPU
	EndGlobalSection
	GlobalSection(ProjectConfigurationPlatforms) = postSolution
		{1DBD4837-5C0A-4CBE-B5B2-70857EAAFF33}.Debug|Any CPU.ActiveCfg = Debug|Any CPU
		{1DBD4837-5C0A-4CBE-B5B2-70857EAAFF33}.Debug|Any CPU.Build.0 = Debug|Any CPU
		{1DBD4837-5C0A-4CBE-B5B2-70857EAAFF33}.Release|Any CPU.ActiveCfg = Release|Any CPU
		{1DBD4837-5C0A-4CBE-B5B2-70857EAAFF33}.Release|Any CPU.Build.0 = Release|Any CPU
	EndGlobalSection
	GlobalSection(SolutionProperties) = preSolution
		HideSolutionNode = FALSE
	EndGlobalSection
	GlobalSection(ExtensibilityGlobals) = postSolution
		SolutionGuid = {105FC901-AB4F-453A-8CBD-511B3CF9E467}
	EndGlobalSection
EndGlobal
